// !$*UTF8*$!
{
	archiveVersion = 1;
	classes = {
	};
	objectVersion = 50;
	objects = {

/* Begin PBXBuildFile section */
		D4029963263B2F5F0027A92B /* UnitConverter_SwiftUIApp.swift in Sources */ = {isa = PBXBuildFile; fileRef = D4029950263B2F5E0027A92B /* UnitConverter_SwiftUIApp.swift */; };
		D4029964263B2F5F0027A92B /* UnitConverter_SwiftUIApp.swift in Sources */ = {isa = PBXBuildFile; fileRef = D4029950263B2F5E0027A92B /* UnitConverter_SwiftUIApp.swift */; };
		D4029965263B2F5F0027A92B /* CategorySelectionView.swift in Sources */ = {isa = PBXBuildFile; fileRef = D4029951263B2F5E0027A92B /* CategorySelectionView.swift */; };
		D4029966263B2F5F0027A92B /* CategorySelectionView.swift in Sources */ = {isa = PBXBuildFile; fileRef = D4029951263B2F5E0027A92B /* CategorySelectionView.swift */; };
		D4029967263B2F5F0027A92B /* Assets.xcassets in Resources */ = {isa = PBXBuildFile; fileRef = D4029952263B2F5F0027A92B /* Assets.xcassets */; };
		D4029968263B2F5F0027A92B /* Assets.xcassets in Resources */ = {isa = PBXBuildFile; fileRef = D4029952263B2F5F0027A92B /* Assets.xcassets */; };
		D45DB10D264A7DB2001B4159 /* DetailView.swift in Sources */ = {isa = PBXBuildFile; fileRef = D45DB10C264A7DB2001B4159 /* DetailView.swift */; };
		D45DB10E264A7DB2001B4159 /* DetailView.swift in Sources */ = {isa = PBXBuildFile; fileRef = D45DB10C264A7DB2001B4159 /* DetailView.swift */; };
		D45DB113264A8916001B4159 /* ConverterService.swift in Sources */ = {isa = PBXBuildFile; fileRef = D45DB112264A8916001B4159 /* ConverterService.swift */; };
		D45DB114264A8916001B4159 /* ConverterService.swift in Sources */ = {isa = PBXBuildFile; fileRef = D45DB112264A8916001B4159 /* ConverterService.swift */; };
		D45DB11C264AC74F001B4159 /* CategoryModel.swift in Sources */ = {isa = PBXBuildFile; fileRef = D45DB11B264AC74F001B4159 /* CategoryModel.swift */; };
		D4EC7C66264ADE110089013E /* View+Extensions.swift in Sources */ = {isa = PBXBuildFile; fileRef = D4EC7C65264ADE110089013E /* View+Extensions.swift */; };
		D4EC7C67264ADE110089013E /* View+Extensions.swift in Sources */ = {isa = PBXBuildFile; fileRef = D4EC7C65264ADE110089013E /* View+Extensions.swift */; };
/* End PBXBuildFile section */

/* Begin PBXFileReference section */
		D4029950263B2F5E0027A92B /* UnitConverter_SwiftUIApp.swift */ = {isa = PBXFileReference; lastKnownFileType = sourcecode.swift; path = UnitConverter_SwiftUIApp.swift; sourceTree = "<group>"; };
		D4029951263B2F5E0027A92B /* CategorySelectionView.swift */ = {isa = PBXFileReference; lastKnownFileType = sourcecode.swift; path = CategorySelectionView.swift; sourceTree = "<group>"; };
		D4029952263B2F5F0027A92B /* Assets.xcassets */ = {isa = PBXFileReference; lastKnownFileType = folder.assetcatalog; path = Assets.xcassets; sourceTree = "<group>"; };
		D4029957263B2F5F0027A92B /* UnitConverter-SwiftUI.app */ = {isa = PBXFileReference; explicitFileType = wrapper.application; includeInIndex = 0; path = "UnitConverter-SwiftUI.app"; sourceTree = BUILT_PRODUCTS_DIR; };
		D402995A263B2F5F0027A92B /* Info.plist */ = {isa = PBXFileReference; lastKnownFileType = text.plist.xml; path = Info.plist; sourceTree = "<group>"; };
		D402995F263B2F5F0027A92B /* UnitConverter-SwiftUI.app */ = {isa = PBXFileReference; explicitFileType = wrapper.application; includeInIndex = 0; path = "UnitConverter-SwiftUI.app"; sourceTree = BUILT_PRODUCTS_DIR; };
		D4029961263B2F5F0027A92B /* Info.plist */ = {isa = PBXFileReference; lastKnownFileType = text.plist.xml; path = Info.plist; sourceTree = "<group>"; };
		D4029962263B2F5F0027A92B /* macOS.entitlements */ = {isa = PBXFileReference; lastKnownFileType = text.plist.entitlements; path = macOS.entitlements; sourceTree = "<group>"; };
		D45DB10C264A7DB2001B4159 /* DetailView.swift */ = {isa = PBXFileReference; lastKnownFileType = sourcecode.swift; path = DetailView.swift; sourceTree = "<group>"; };
		D45DB112264A8916001B4159 /* ConverterService.swift */ = {isa = PBXFileReference; lastKnownFileType = sourcecode.swift; path = ConverterService.swift; sourceTree = "<group>"; };
		D45DB11B264AC74F001B4159 /* CategoryModel.swift */ = {isa = PBXFileReference; lastKnownFileType = sourcecode.swift; path = CategoryModel.swift; sourceTree = "<group>"; };
		D4EC7C65264ADE110089013E /* View+Extensions.swift */ = {isa = PBXFileReference; lastKnownFileType = sourcecode.swift; path = "View+Extensions.swift"; sourceTree = "<group>"; };
/* End PBXFileReference section */

/* Begin PBXFrameworksBuildPhase section */
		D4029954263B2F5F0027A92B /* Frameworks */ = {
			isa = PBXFrameworksBuildPhase;
			buildActionMask = 2147483647;
			files = (
			);
			runOnlyForDeploymentPostprocessing = 0;
		};
		D402995C263B2F5F0027A92B /* Frameworks */ = {
			isa = PBXFrameworksBuildPhase;
			buildActionMask = 2147483647;
			files = (
			);
			runOnlyForDeploymentPostprocessing = 0;
		};
/* End PBXFrameworksBuildPhase section */

/* Begin PBXGroup section */
		D402994A263B2F5E0027A92B = {
			isa = PBXGroup;
			children = (
				D402994F263B2F5E0027A92B /* Shared */,
				D4029959263B2F5F0027A92B /* iOS */,
				D4029960263B2F5F0027A92B /* macOS */,
				D4029958263B2F5F0027A92B /* Products */,
			);
			sourceTree = "<group>";
		};
		D402994F263B2F5E0027A92B /* Shared */ = {
			isa = PBXGroup;
			children = (
				D45DB11D264AC757001B4159 /* Model */,
				D45DB115264ABDF5001B4159 /* View */,
				D45DB117264ABE92001B4159 /* Service */,
				D4EC7C68264ADE170089013E /* Extensions */,
				D4029950263B2F5E0027A92B /* UnitConverter_SwiftUIApp.swift */,
				D4029952263B2F5F0027A92B /* Assets.xcassets */,
			);
			path = Shared;
			sourceTree = "<group>";
		};
		D4029958263B2F5F0027A92B /* Products */ = {
			isa = PBXGroup;
			children = (
				D4029957263B2F5F0027A92B /* UnitConverter-SwiftUI.app */,
				D402995F263B2F5F0027A92B /* UnitConverter-SwiftUI.app */,
			);
			name = Products;
			sourceTree = "<group>";
		};
		D4029959263B2F5F0027A92B /* iOS */ = {
			isa = PBXGroup;
			children = (
				D402995A263B2F5F0027A92B /* Info.plist */,
			);
			path = iOS;
			sourceTree = "<group>";
		};
		D4029960263B2F5F0027A92B /* macOS */ = {
			isa = PBXGroup;
			children = (
				D4029961263B2F5F0027A92B /* Info.plist */,
				D4029962263B2F5F0027A92B /* macOS.entitlements */,
			);
			path = macOS;
			sourceTree = "<group>";
		};
		D45DB115264ABDF5001B4159 /* View */ = {
			isa = PBXGroup;
			children = (
				D4029951263B2F5E0027A92B /* CategorySelectionView.swift */,
				D45DB10C264A7DB2001B4159 /* DetailView.swift */,
			);
			path = View;
			sourceTree = "<group>";
		};
		D45DB117264ABE92001B4159 /* Service */ = {
			isa = PBXGroup;
			children = (
				D45DB112264A8916001B4159 /* ConverterService.swift */,
			);
			path = Service;
			sourceTree = "<group>";
		};
		D45DB11D264AC757001B4159 /* Model */ = {
			isa = PBXGroup;
			children = (
				D45DB11B264AC74F001B4159 /* CategoryModel.swift */,
			);
			path = Model;
			sourceTree = "<group>";
		};
		D4EC7C68264ADE170089013E /* Extensions */ = {
			isa = PBXGroup;
			children = (
				D4EC7C65264ADE110089013E /* View+Extensions.swift */,
			);
			path = Extensions;
			sourceTree = "<group>";
		};
/* End PBXGroup section */

/* Begin PBXNativeTarget section */
		D4029956263B2F5F0027A92B /* UnitConverter-SwiftUI (iOS) */ = {
			isa = PBXNativeTarget;
			buildConfigurationList = D402996B263B2F5F0027A92B /* Build configuration list for PBXNativeTarget "UnitConverter-SwiftUI (iOS)" */;
			buildPhases = (
				D4029953263B2F5F0027A92B /* Sources */,
				D4029954263B2F5F0027A92B /* Frameworks */,
				D4029955263B2F5F0027A92B /* Resources */,
			);
			buildRules = (
			);
			dependencies = (
			);
			name = "UnitConverter-SwiftUI (iOS)";
			productName = "UnitConverter-SwiftUI (iOS)";
			productReference = D4029957263B2F5F0027A92B /* UnitConverter-SwiftUI.app */;
			productType = "com.apple.product-type.application";
		};
		D402995E263B2F5F0027A92B /* UnitConverter-SwiftUI (macOS) */ = {
			isa = PBXNativeTarget;
			buildConfigurationList = D402996E263B2F5F0027A92B /* Build configuration list for PBXNativeTarget "UnitConverter-SwiftUI (macOS)" */;
			buildPhases = (
				D402995B263B2F5F0027A92B /* Sources */,
				D402995C263B2F5F0027A92B /* Frameworks */,
				D402995D263B2F5F0027A92B /* Resources */,
			);
			buildRules = (
			);
			dependencies = (
			);
			name = "UnitConverter-SwiftUI (macOS)";
			productName = "UnitConverter-SwiftUI (macOS)";
			productReference = D402995F263B2F5F0027A92B /* UnitConverter-SwiftUI.app */;
			productType = "com.apple.product-type.application";
		};
/* End PBXNativeTarget section */

/* Begin PBXProject section */
		D402994B263B2F5E0027A92B /* Project object */ = {
			isa = PBXProject;
			attributes = {
				LastSwiftUpdateCheck = 1240;
				LastUpgradeCheck = 1250;
				TargetAttributes = {
					D4029956263B2F5F0027A92B = {
						CreatedOnToolsVersion = 12.4;
					};
					D402995E263B2F5F0027A92B = {
						CreatedOnToolsVersion = 12.4;
					};
				};
			};
			buildConfigurationList = D402994E263B2F5E0027A92B /* Build configuration list for PBXProject "UnitConverter-SwiftUI" */;
			compatibilityVersion = "Xcode 9.3";
			developmentRegion = en;
			hasScannedForEncodings = 0;
			knownRegions = (
				en,
				Base,
			);
			mainGroup = D402994A263B2F5E0027A92B;
			productRefGroup = D4029958263B2F5F0027A92B /* Products */;
			projectDirPath = "";
			projectRoot = "";
			targets = (
				D4029956263B2F5F0027A92B /* UnitConverter-SwiftUI (iOS) */,
				D402995E263B2F5F0027A92B /* UnitConverter-SwiftUI (macOS) */,
			);
		};
/* End PBXProject section */

/* Begin PBXResourcesBuildPhase section */
		D4029955263B2F5F0027A92B /* Resources */ = {
			isa = PBXResourcesBuildPhase;
			buildActionMask = 2147483647;
			files = (
				D4029967263B2F5F0027A92B /* Assets.xcassets in Resources */,
			);
			runOnlyForDeploymentPostprocessing = 0;
		};
		D402995D263B2F5F0027A92B /* Resources */ = {
			isa = PBXResourcesBuildPhase;
			buildActionMask = 2147483647;
			files = (
				D4029968263B2F5F0027A92B /* Assets.xcassets in Resources */,
			);
			runOnlyForDeploymentPostprocessing = 0;
		};
/* End PBXResourcesBuildPhase section */

/* Begin PBXSourcesBuildPhase section */
		D4029953263B2F5F0027A92B /* Sources */ = {
			isa = PBXSourcesBuildPhase;
			buildActionMask = 2147483647;
			files = (
				D4029965263B2F5F0027A92B /* CategorySelectionView.swift in Sources */,
				D45DB10D264A7DB2001B4159 /* DetailView.swift in Sources */,
				D4029963263B2F5F0027A92B /* UnitConverter_SwiftUIApp.swift in Sources */,
				D45DB11C264AC74F001B4159 /* CategoryModel.swift in Sources */,
				D4EC7C66264ADE110089013E /* View+Extensions.swift in Sources */,
				D45DB113264A8916001B4159 /* ConverterService.swift in Sources */,
			);
			runOnlyForDeploymentPostprocessing = 0;
		};
		D402995B263B2F5F0027A92B /* Sources */ = {
			isa = PBXSourcesBuildPhase;
			buildActionMask = 2147483647;
			files = (
				D4029966263B2F5F0027A92B /* CategorySelectionView.swift in Sources */,
				D45DB10E264A7DB2001B4159 /* DetailView.swift in Sources */,
				D4029964263B2F5F0027A92B /* UnitConverter_SwiftUIApp.swift in Sources */,
				D4EC7C67264ADE110089013E /* View+Extensions.swift in Sources */,
				D45DB114264A8916001B4159 /* ConverterService.swift in Sources */,
			);
			runOnlyForDeploymentPostprocessing = 0;
		};
/* End PBXSourcesBuildPhase section */

/* Begin XCBuildConfiguration section */
		D4029969263B2F5F0027A92B /* Debug */ = {
			isa = XCBuildConfiguration;
			buildSettings = {
				ALWAYS_SEARCH_USER_PATHS = NO;
				CLANG_ANALYZER_NONNULL = YES;
				CLANG_ANALYZER_NUMBER_OBJECT_CONVERSION = YES_AGGRESSIVE;
				CLANG_CXX_LANGUAGE_STANDARD = "gnu++14";
				CLANG_CXX_LIBRARY = "libc++";
				CLANG_ENABLE_MODULES = YES;
				CLANG_ENABLE_OBJC_ARC = YES;
				CLANG_ENABLE_OBJC_WEAK = YES;
				CLANG_WARN_BLOCK_CAPTURE_AUTORELEASING = YES;
				CLANG_WARN_BOOL_CONVERSION = YES;
				CLANG_WARN_COMMA = YES;
				CLANG_WARN_CONSTANT_CONVERSION = YES;
				CLANG_WARN_DEPRECATED_OBJC_IMPLEMENTATIONS = YES;
				CLANG_WARN_DIRECT_OBJC_ISA_USAGE = YES_ERROR;
				CLANG_WARN_DOCUMENTATION_COMMENTS = YES;
				CLANG_WARN_EMPTY_BODY = YES;
				CLANG_WARN_ENUM_CONVERSION = YES;
				CLANG_WARN_INFINITE_RECURSION = YES;
				CLANG_WARN_INT_CONVERSION = YES;
				CLANG_WARN_NON_LITERAL_NULL_CONVERSION = YES;
				CLANG_WARN_OBJC_IMPLICIT_RETAIN_SELF = YES;
				CLANG_WARN_OBJC_LITERAL_CONVERSION = YES;
				CLANG_WARN_OBJC_ROOT_CLASS = YES_ERROR;
				CLANG_WARN_QUOTED_INCLUDE_IN_FRAMEWORK_HEADER = YES;
				CLANG_WARN_RANGE_LOOP_ANALYSIS = YES;
				CLANG_WARN_STRICT_PROTOTYPES = YES;
				CLANG_WARN_SUSPICIOUS_MOVE = YES;
				CLANG_WARN_UNGUARDED_AVAILABILITY = YES_AGGRESSIVE;
				CLANG_WARN_UNREACHABLE_CODE = YES;
				CLANG_WARN__DUPLICATE_METHOD_MATCH = YES;
				COPY_PHASE_STRIP = NO;
				DEBUG_INFORMATION_FORMAT = dwarf;
				ENABLE_STRICT_OBJC_MSGSEND = YES;
				ENABLE_TESTABILITY = YES;
				GCC_C_LANGUAGE_STANDARD = gnu11;
				GCC_DYNAMIC_NO_PIC = NO;
				GCC_NO_COMMON_BLOCKS = YES;
				GCC_OPTIMIZATION_LEVEL = 0;
				GCC_PREPROCESSOR_DEFINITIONS = (
					"DEBUG=1",
					"$(inherited)",
				);
				GCC_WARN_64_TO_32_BIT_CONVERSION = YES;
				GCC_WARN_ABOUT_RETURN_TYPE = YES_ERROR;
				GCC_WARN_UNDECLARED_SELECTOR = YES;
				GCC_WARN_UNINITIALIZED_AUTOS = YES_AGGRESSIVE;
				GCC_WARN_UNUSED_FUNCTION = YES;
				GCC_WARN_UNUSED_VARIABLE = YES;
				MTL_ENABLE_DEBUG_INFO = INCLUDE_SOURCE;
				MTL_FAST_MATH = YES;
				ONLY_ACTIVE_ARCH = YES;
				SWIFT_ACTIVE_COMPILATION_CONDITIONS = DEBUG;
				SWIFT_OPTIMIZATION_LEVEL = "-Onone";
			};
			name = Debug;
		};
		D402996A263B2F5F0027A92B /* Release */ = {
			isa = XCBuildConfiguration;
			buildSettings = {
				ALWAYS_SEARCH_USER_PATHS = NO;
				CLANG_ANALYZER_NONNULL = YES;
				CLANG_ANALYZER_NUMBER_OBJECT_CONVERSION = YES_AGGRESSIVE;
				CLANG_CXX_LANGUAGE_STANDARD = "gnu++14";
				CLANG_CXX_LIBRARY = "libc++";
				CLANG_ENABLE_MODULES = YES;
				CLANG_ENABLE_OBJC_ARC = YES;
				CLANG_ENABLE_OBJC_WEAK = YES;
				CLANG_WARN_BLOCK_CAPTURE_AUTORELEASING = YES;
				CLANG_WARN_BOOL_CONVERSION = YES;
				CLANG_WARN_COMMA = YES;
				CLANG_WARN_CONSTANT_CONVERSION = YES;
				CLANG_WARN_DEPRECATED_OBJC_IMPLEMENTATIONS = YES;
				CLANG_WARN_DIRECT_OBJC_ISA_USAGE = YES_ERROR;
				CLANG_WARN_DOCUMENTATION_COMMENTS = YES;
				CLANG_WARN_EMPTY_BODY = YES;
				CLANG_WARN_ENUM_CONVERSION = YES;
				CLANG_WARN_INFINITE_RECURSION = YES;
				CLANG_WARN_INT_CONVERSION = YES;
				CLANG_WARN_NON_LITERAL_NULL_CONVERSION = YES;
				CLANG_WARN_OBJC_IMPLICIT_RETAIN_SELF = YES;
				CLANG_WARN_OBJC_LITERAL_CONVERSION = YES;
				CLANG_WARN_OBJC_ROOT_CLASS = YES_ERROR;
				CLANG_WARN_QUOTED_INCLUDE_IN_FRAMEWORK_HEADER = YES;
				CLANG_WARN_RANGE_LOOP_ANALYSIS = YES;
				CLANG_WARN_STRICT_PROTOTYPES = YES;
				CLANG_WARN_SUSPICIOUS_MOVE = YES;
				CLANG_WARN_UNGUARDED_AVAILABILITY = YES_AGGRESSIVE;
				CLANG_WARN_UNREACHABLE_CODE = YES;
				CLANG_WARN__DUPLICATE_METHOD_MATCH = YES;
				COPY_PHASE_STRIP = NO;
				DEBUG_INFORMATION_FORMAT = "dwarf-with-dsym";
				ENABLE_NS_ASSERTIONS = NO;
				ENABLE_STRICT_OBJC_MSGSEND = YES;
				GCC_C_LANGUAGE_STANDARD = gnu11;
				GCC_NO_COMMON_BLOCKS = YES;
				GCC_WARN_64_TO_32_BIT_CONVERSION = YES;
				GCC_WARN_ABOUT_RETURN_TYPE = YES_ERROR;
				GCC_WARN_UNDECLARED_SELECTOR = YES;
				GCC_WARN_UNINITIALIZED_AUTOS = YES_AGGRESSIVE;
				GCC_WARN_UNUSED_FUNCTION = YES;
				GCC_WARN_UNUSED_VARIABLE = YES;
				MTL_ENABLE_DEBUG_INFO = NO;
				MTL_FAST_MATH = YES;
				SWIFT_COMPILATION_MODE = wholemodule;
				SWIFT_OPTIMIZATION_LEVEL = "-O";
			};
			name = Release;
		};
		D402996C263B2F5F0027A92B /* Debug */ = {
			isa = XCBuildConfiguration;
			buildSettings = {
				ASSETCATALOG_COMPILER_APPICON_NAME = AppIcon;
				ASSETCATALOG_COMPILER_GLOBAL_ACCENT_COLOR_NAME = AccentColor;
				CODE_SIGN_STYLE = Automatic;
				DEVELOPMENT_TEAM = 24UHT2AGTS;
				ENABLE_PREVIEWS = YES;
				INFOPLIST_FILE = iOS/Info.plist;
				IPHONEOS_DEPLOYMENT_TARGET = 14.0;
				LD_RUNPATH_SEARCH_PATHS = (
					"$(inherited)",
					"@executable_path/Frameworks",
				);
				PRODUCT_BUNDLE_IDENTIFIER = "com.robertpinl.UnitConverter-SwiftUI";
				PRODUCT_NAME = "UnitConverter-SwiftUI";
				SDKROOT = iphoneos;
				SWIFT_VERSION = 5.0;
				TARGETED_DEVICE_FAMILY = "1,2";
			};
			name = Debug;
		};
		D402996D263B2F5F0027A92B /* Release */ = {
			isa = XCBuildConfiguration;
			buildSettings = {
				ASSETCATALOG_COMPILER_APPICON_NAME = AppIcon;
				ASSETCATALOG_COMPILER_GLOBAL_ACCENT_COLOR_NAME = AccentColor;
				CODE_SIGN_STYLE = Automatic;
				DEVELOPMENT_TEAM = 24UHT2AGTS;
				ENABLE_PREVIEWS = YES;
				INFOPLIST_FILE = iOS/Info.plist;
				IPHONEOS_DEPLOYMENT_TARGET = 14.0;
				LD_RUNPATH_SEARCH_PATHS = (
					"$(inherited)",
					"@executable_path/Frameworks",
				);
				PRODUCT_BUNDLE_IDENTIFIER = "com.robertpinl.UnitConverter-SwiftUI";
				PRODUCT_NAME = "UnitConverter-SwiftUI";
				SDKROOT = iphoneos;
				SWIFT_VERSION = 5.0;
				TARGETED_DEVICE_FAMILY = "1,2";
				VALIDATE_PRODUCT = YES;
			};
			name = Release;
		};
		D402996F263B2F5F0027A92B /* Debug */ = {
			isa = XCBuildConfiguration;
			buildSettings = {
				ASSETCATALOG_COMPILER_APPICON_NAME = AppIcon;
				ASSETCATALOG_COMPILER_GLOBAL_ACCENT_COLOR_NAME = AccentColor;
				CODE_SIGN_ENTITLEMENTS = macOS/macOS.entitlements;
				CODE_SIGN_IDENTITY = "-";
				CODE_SIGN_STYLE = Automatic;
				COMBINE_HIDPI_IMAGES = YES;
				DEVELOPMENT_TEAM = 24UHT2AGTS;
				ENABLE_HARDENED_RUNTIME = YES;
				ENABLE_PREVIEWS = YES;
				INFOPLIST_FILE = macOS/Info.plist;
				LD_RUNPATH_SEARCH_PATHS = (
					"$(inherited)",
					"@executable_path/../Frameworks",
				);
				MACOSX_DEPLOYMENT_TARGET = 11.0;
				PRODUCT_BUNDLE_IDENTIFIER = "com.robertpinl.UnitConverter-SwiftUI";
				PRODUCT_NAME = "UnitConverter-SwiftUI";
				SDKROOT = macosx;
				SWIFT_VERSION = 5.0;
			};
			name = Debug;
		};
		D4029970263B2F5F0027A92B /* Release */ = {
			isa = XCBuildConfiguration;
			buildSettings = {
				ASSETCATALOG_COMPILER_APPICON_NAME = AppIcon;
				ASSETCATALOG_COMPILER_GLOBAL_ACCENT_COLOR_NAME = AccentColor;
				CODE_SIGN_ENTITLEMENTS = macOS/macOS.entitlements;
				CODE_SIGN_IDENTITY = "-";
				CODE_SIGN_STYLE = Automatic;
				COMBINE_HIDPI_IMAGES = YES;
				DEVELOPMENT_TEAM = 24UHT2AGTS;
				ENABLE_HARDENED_RUNTIME = YES;
				ENABLE_PREVIEWS = YES;
				INFOPLIST_FILE = macOS/Info.plist;
				LD_RUNPATH_SEARCH_PATHS = (
					"$(inherited)",
					"@executable_path/../Frameworks",
				);
				MACOSX_DEPLOYMENT_TARGET = 11.0;
				PRODUCT_BUNDLE_IDENTIFIER = "com.robertpinl.UnitConverter-SwiftUI";
				PRODUCT_NAME = "UnitConverter-SwiftUI";
				SDKROOT = macosx;
				SWIFT_VERSION = 5.0;
			};
			name = Release;
		};
/* End XCBuildConfiguration section */

/* Begin XCConfigurationList section */
		D402994E263B2F5E0027A92B /* Build configuration list for PBXProject "UnitConverter-SwiftUI" */ = {
			isa = XCConfigurationList;
			buildConfigurations = (
				D4029969263B2F5F0027A92B /* Debug */,
				D402996A263B2F5F0027A92B /* Release */,
			);
			defaultConfigurationIsVisible = 0;
			defaultConfigurationName = Release;
		};
		D402996B263B2F5F0027A92B /* Build configuration list for PBXNativeTarget "UnitConverter-SwiftUI (iOS)" */ = {
			isa = XCConfigurationList;
			buildConfigurations = (
				D402996C263B2F5F0027A92B /* Debug */,
				D402996D263B2F5F0027A92B /* Release */,
			);
			defaultConfigurationIsVisible = 0;
			defaultConfigurationName = Release;
		};
		D402996E263B2F5F0027A92B /* Build configuration list for PBXNativeTarget "UnitConverter-SwiftUI (macOS)" */ = {
			isa = XCConfigurationList;
			buildConfigurations = (
				D402996F263B2F5F0027A92B /* Debug */,
				D4029970263B2F5F0027A92B /* Release */,
			);
			defaultConfigurationIsVisible = 0;
			defaultConfigurationName = Release;
		};
/* End XCConfigurationList section */
	};
	rootObject = D402994B263B2F5E0027A92B /* Project object */;
}
